// !$*UTF8*$!
{
	archiveVersion = 1;
	classes = {
	};
	objectVersion = 56;
	objects = {

/* Begin PBXBuildFile section */
		D86A12F929E8C68C00AE35A7 /* Issue-CoreDataHelpers.swift in Sources */ = {isa = PBXBuildFile; fileRef = D86A12F829E8C68C00AE35A7 /* Issue-CoreDataHelpers.swift */; };
		D86A12FB29E8C7E400AE35A7 /* Tag-CoreDataHelpers.swift in Sources */ = {isa = PBXBuildFile; fileRef = D86A12FA29E8C7E400AE35A7 /* Tag-CoreDataHelpers.swift */; };
		D8802F082A1BB4FF005AE9DA /* SidebarViewToolbar.swift in Sources */ = {isa = PBXBuildFile; fileRef = D8802F072A1BB4FF005AE9DA /* SidebarViewToolbar.swift */; };
		D8802F0A2A1BBAC1005AE9DA /* IssueViewToolbar.swift in Sources */ = {isa = PBXBuildFile; fileRef = D8802F092A1BBAC1005AE9DA /* IssueViewToolbar.swift */; };
		D8802F0C2A1BBB7E005AE9DA /* ContentViewToolbar.swift in Sources */ = {isa = PBXBuildFile; fileRef = D8802F0B2A1BBB7E005AE9DA /* ContentViewToolbar.swift */; };
		D8802F0E2A1BC0E4005AE9DA /* TagsMenuView.swift in Sources */ = {isa = PBXBuildFile; fileRef = D8802F0D2A1BC0E4005AE9DA /* TagsMenuView.swift */; };
		D8802F102A1BC2D7005AE9DA /* SmartFilterRow.swift in Sources */ = {isa = PBXBuildFile; fileRef = D8802F0F2A1BC2D7005AE9DA /* SmartFilterRow.swift */; };
		D8802F122A1BC339005AE9DA /* UserFilterRow.swift in Sources */ = {isa = PBXBuildFile; fileRef = D8802F112A1BC339005AE9DA /* UserFilterRow.swift */; };
		D89DEAC229E603340040339D /* UltimatePortfolioApp.swift in Sources */ = {isa = PBXBuildFile; fileRef = D89DEAC129E603340040339D /* UltimatePortfolioApp.swift */; };
		D89DEAC429E603340040339D /* ContentView.swift in Sources */ = {isa = PBXBuildFile; fileRef = D89DEAC329E603340040339D /* ContentView.swift */; };
		D89DEAC629E603350040339D /* Assets.xcassets in Resources */ = {isa = PBXBuildFile; fileRef = D89DEAC529E603350040339D /* Assets.xcassets */; };
		D89DEACA29E603350040339D /* Preview Assets.xcassets in Resources */ = {isa = PBXBuildFile; fileRef = D89DEAC929E603350040339D /* Preview Assets.xcassets */; };
		D89DEAD229E7000C0040339D /* Main.xcdatamodeld in Sources */ = {isa = PBXBuildFile; fileRef = D89DEAD029E7000B0040339D /* Main.xcdatamodeld */; };
		D89DEAD429E702600040339D /* DataController.swift in Sources */ = {isa = PBXBuildFile; fileRef = D89DEAD329E702600040339D /* DataController.swift */; };
		D89DEAD729E7590C0040339D /* SidebarView.swift in Sources */ = {isa = PBXBuildFile; fileRef = D89DEAD629E7590C0040339D /* SidebarView.swift */; };
		D89DEAD929E759150040339D /* DetailView.swift in Sources */ = {isa = PBXBuildFile; fileRef = D89DEAD829E759150040339D /* DetailView.swift */; };
		D89DEADB29E760C90040339D /* Filter.swift in Sources */ = {isa = PBXBuildFile; fileRef = D89DEADA29E760C90040339D /* Filter.swift */; };
		D8ACEFD12A002E15004658B9 /* Localizable.strings in Resources */ = {isa = PBXBuildFile; fileRef = D8ACEFD32A002E15004658B9 /* Localizable.strings */; };
		D8ACEFD52A002F1A004658B9 /* Localizable.stringsdict in Resources */ = {isa = PBXBuildFile; fileRef = D8ACEFD72A002F1A004658B9 /* Localizable.stringsdict */; };
		D8ACEFD92A002FF7004658B9 /* Awards.json in Resources */ = {isa = PBXBuildFile; fileRef = D8ACEFDB2A002FF7004658B9 /* Awards.json */; };
		D8B5242429EA2DBA007E0C41 /* Bundle-Decodable.swift in Sources */ = {isa = PBXBuildFile; fileRef = D8B5242329EA2DBA007E0C41 /* Bundle-Decodable.swift */; };
		D8B5242829EA322C007E0C41 /* Colors.xcassets in Resources */ = {isa = PBXBuildFile; fileRef = D8B5242629EA322C007E0C41 /* Colors.xcassets */; };
		D8B5242A29EA32CD007E0C41 /* Award.swift in Sources */ = {isa = PBXBuildFile; fileRef = D8B5242929EA32CD007E0C41 /* Award.swift */; };
		D8B5242C29EA33E5007E0C41 /* AwardsView.swift in Sources */ = {isa = PBXBuildFile; fileRef = D8B5242B29EA33E5007E0C41 /* AwardsView.swift */; };
		D8C256462A3143B0006AE93F /* UltimatePortfolioTests.swift in Sources */ = {isa = PBXBuildFile; fileRef = D8C256452A3143B0006AE93F /* UltimatePortfolioTests.swift */; };
		D8C2564E2A314616006AE93F /* AssetTests.swift in Sources */ = {isa = PBXBuildFile; fileRef = D8C2564D2A314616006AE93F /* AssetTests.swift */; };
		D8CBCF3629E998560006C930 /* IssueRow.swift in Sources */ = {isa = PBXBuildFile; fileRef = D8CBCF3529E998560006C930 /* IssueRow.swift */; };
		D8CBCF3829E9A5230006C930 /* IssueView.swift in Sources */ = {isa = PBXBuildFile; fileRef = D8CBCF3729E9A5230006C930 /* IssueView.swift */; };
		D8CBCF3A29E9A52E0006C930 /* NoIssueView.swift in Sources */ = {isa = PBXBuildFile; fileRef = D8CBCF3929E9A52E0006C930 /* NoIssueView.swift */; };
		D8DB686F2A7C1122006B530D /* TagTests.swift in Sources */ = {isa = PBXBuildFile; fileRef = D8DB686E2A7C1122006B530D /* TagTests.swift */; };
		D8DB68712A7C18C7006B530D /* AwardsTest.swift in Sources */ = {isa = PBXBuildFile; fileRef = D8DB68702A7C18C7006B530D /* AwardsTest.swift */; };
		D8DB68732A7C2E97006B530D /* DevelopmentTests.swift in Sources */ = {isa = PBXBuildFile; fileRef = D8DB68722A7C2E97006B530D /* DevelopmentTests.swift */; };
		D8DB68752A7C3240006B530D /* ExtensionTests.swift in Sources */ = {isa = PBXBuildFile; fileRef = D8DB68742A7C3240006B530D /* ExtensionTests.swift */; };
		D8E506D32A7C4FC0004784E5 /* DecodableDictionary.json in Resources */ = {isa = PBXBuildFile; fileRef = D8E506D22A7C4FC0004784E5 /* DecodableDictionary.json */; };
		D8E506D52A7C4FF2004784E5 /* DecodableString.json in Resources */ = {isa = PBXBuildFile; fileRef = D8E506D42A7C4FF2004784E5 /* DecodableString.json */; };
		D8E506D72A7C5533004784E5 /* PerformanceTests.swift in Sources */ = {isa = PBXBuildFile; fileRef = D8E506D62A7C5533004784E5 /* PerformanceTests.swift */; };
/* End PBXBuildFile section */

/* Begin PBXContainerItemProxy section */
		D8C256472A3143B0006AE93F /* PBXContainerItemProxy */ = {
			isa = PBXContainerItemProxy;
			containerPortal = D89DEAB629E603340040339D /* Project object */;
			proxyType = 1;
			remoteGlobalIDString = D89DEABD29E603340040339D;
			remoteInfo = UltimatePortfolio;
		};
/* End PBXContainerItemProxy section */

/* Begin PBXFileReference section */
		D86A12F829E8C68C00AE35A7 /* Issue-CoreDataHelpers.swift */ = {isa = PBXFileReference; lastKnownFileType = sourcecode.swift; path = "Issue-CoreDataHelpers.swift"; sourceTree = "<group>"; };
		D86A12FA29E8C7E400AE35A7 /* Tag-CoreDataHelpers.swift */ = {isa = PBXFileReference; lastKnownFileType = sourcecode.swift; path = "Tag-CoreDataHelpers.swift"; sourceTree = "<group>"; };
		D8802F072A1BB4FF005AE9DA /* SidebarViewToolbar.swift */ = {isa = PBXFileReference; lastKnownFileType = sourcecode.swift; path = SidebarViewToolbar.swift; sourceTree = "<group>"; };
		D8802F092A1BBAC1005AE9DA /* IssueViewToolbar.swift */ = {isa = PBXFileReference; lastKnownFileType = sourcecode.swift; path = IssueViewToolbar.swift; sourceTree = "<group>"; };
		D8802F0B2A1BBB7E005AE9DA /* ContentViewToolbar.swift */ = {isa = PBXFileReference; lastKnownFileType = sourcecode.swift; path = ContentViewToolbar.swift; sourceTree = "<group>"; };
		D8802F0D2A1BC0E4005AE9DA /* TagsMenuView.swift */ = {isa = PBXFileReference; lastKnownFileType = sourcecode.swift; path = TagsMenuView.swift; sourceTree = "<group>"; };
		D8802F0F2A1BC2D7005AE9DA /* SmartFilterRow.swift */ = {isa = PBXFileReference; lastKnownFileType = sourcecode.swift; path = SmartFilterRow.swift; sourceTree = "<group>"; };
		D8802F112A1BC339005AE9DA /* UserFilterRow.swift */ = {isa = PBXFileReference; lastKnownFileType = sourcecode.swift; path = UserFilterRow.swift; sourceTree = "<group>"; };
		D89DEABE29E603340040339D /* UltimatePortfolio.app */ = {isa = PBXFileReference; explicitFileType = wrapper.application; includeInIndex = 0; path = UltimatePortfolio.app; sourceTree = BUILT_PRODUCTS_DIR; };
		D89DEAC129E603340040339D /* UltimatePortfolioApp.swift */ = {isa = PBXFileReference; lastKnownFileType = sourcecode.swift; path = UltimatePortfolioApp.swift; sourceTree = "<group>"; };
		D89DEAC329E603340040339D /* ContentView.swift */ = {isa = PBXFileReference; lastKnownFileType = sourcecode.swift; path = ContentView.swift; sourceTree = "<group>"; };
		D89DEAC529E603350040339D /* Assets.xcassets */ = {isa = PBXFileReference; lastKnownFileType = folder.assetcatalog; path = Assets.xcassets; sourceTree = "<group>"; };
		D89DEAC729E603350040339D /* UltimatePortfolio.entitlements */ = {isa = PBXFileReference; lastKnownFileType = text.plist.entitlements; path = UltimatePortfolio.entitlements; sourceTree = "<group>"; };
		D89DEAC929E603350040339D /* Preview Assets.xcassets */ = {isa = PBXFileReference; lastKnownFileType = folder.assetcatalog; path = "Preview Assets.xcassets"; sourceTree = "<group>"; };
		D89DEAD129E7000B0040339D /* Main.xcdatamodel */ = {isa = PBXFileReference; lastKnownFileType = wrapper.xcdatamodel; path = Main.xcdatamodel; sourceTree = "<group>"; };
		D89DEAD329E702600040339D /* DataController.swift */ = {isa = PBXFileReference; lastKnownFileType = sourcecode.swift; path = DataController.swift; sourceTree = "<group>"; };
		D89DEAD529E712790040339D /* Info.plist */ = {isa = PBXFileReference; lastKnownFileType = text.plist.xml; path = Info.plist; sourceTree = "<group>"; };
		D89DEAD629E7590C0040339D /* SidebarView.swift */ = {isa = PBXFileReference; lastKnownFileType = sourcecode.swift; path = SidebarView.swift; sourceTree = "<group>"; };
		D89DEAD829E759150040339D /* DetailView.swift */ = {isa = PBXFileReference; lastKnownFileType = sourcecode.swift; path = DetailView.swift; sourceTree = "<group>"; };
		D89DEADA29E760C90040339D /* Filter.swift */ = {isa = PBXFileReference; lastKnownFileType = sourcecode.swift; path = Filter.swift; sourceTree = "<group>"; };
		D8ACEFD22A002E15004658B9 /* en */ = {isa = PBXFileReference; lastKnownFileType = text.plist.strings; name = en; path = en.lproj/Localizable.strings; sourceTree = "<group>"; };
		D8ACEFD42A002E28004658B9 /* hu */ = {isa = PBXFileReference; lastKnownFileType = text.plist.strings; name = hu; path = hu.lproj/Localizable.strings; sourceTree = "<group>"; };
		D8ACEFD62A002F1A004658B9 /* en */ = {isa = PBXFileReference; lastKnownFileType = text.plist.stringsdict; name = en; path = en.lproj/Localizable.stringsdict; sourceTree = "<group>"; };
		D8ACEFD82A002F24004658B9 /* hu */ = {isa = PBXFileReference; lastKnownFileType = text.plist.stringsdict; name = hu; path = hu.lproj/Localizable.stringsdict; sourceTree = "<group>"; };
		D8ACEFDA2A002FF7004658B9 /* en */ = {isa = PBXFileReference; lastKnownFileType = text.json; name = en; path = en.lproj/Awards.json; sourceTree = "<group>"; };
		D8ACEFDC2A002FFB004658B9 /* hu */ = {isa = PBXFileReference; lastKnownFileType = text.json; name = hu; path = hu.lproj/Awards.json; sourceTree = "<group>"; };
		D8B5242329EA2DBA007E0C41 /* Bundle-Decodable.swift */ = {isa = PBXFileReference; lastKnownFileType = sourcecode.swift; path = "Bundle-Decodable.swift"; sourceTree = "<group>"; };
		D8B5242629EA322C007E0C41 /* Colors.xcassets */ = {isa = PBXFileReference; lastKnownFileType = folder.assetcatalog; path = Colors.xcassets; sourceTree = "<group>"; };
		D8B5242929EA32CD007E0C41 /* Award.swift */ = {isa = PBXFileReference; lastKnownFileType = sourcecode.swift; path = Award.swift; sourceTree = "<group>"; };
		D8B5242B29EA33E5007E0C41 /* AwardsView.swift */ = {isa = PBXFileReference; lastKnownFileType = sourcecode.swift; path = AwardsView.swift; sourceTree = "<group>"; };
		D8C256432A3143B0006AE93F /* UltimatePortfolioTests.xctest */ = {isa = PBXFileReference; explicitFileType = wrapper.cfbundle; includeInIndex = 0; path = UltimatePortfolioTests.xctest; sourceTree = BUILT_PRODUCTS_DIR; };
		D8C256452A3143B0006AE93F /* UltimatePortfolioTests.swift */ = {isa = PBXFileReference; lastKnownFileType = sourcecode.swift; path = UltimatePortfolioTests.swift; sourceTree = "<group>"; };
		D8C2564C2A3144B7006AE93F /* UltimatePortfolio.xctestplan */ = {isa = PBXFileReference; lastKnownFileType = text; path = UltimatePortfolio.xctestplan; sourceTree = "<group>"; };
		D8C2564D2A314616006AE93F /* AssetTests.swift */ = {isa = PBXFileReference; lastKnownFileType = sourcecode.swift; path = AssetTests.swift; sourceTree = "<group>"; };
		D8CBCF3529E998560006C930 /* IssueRow.swift */ = {isa = PBXFileReference; lastKnownFileType = sourcecode.swift; path = IssueRow.swift; sourceTree = "<group>"; };
		D8CBCF3729E9A5230006C930 /* IssueView.swift */ = {isa = PBXFileReference; lastKnownFileType = sourcecode.swift; path = IssueView.swift; sourceTree = "<group>"; };
		D8CBCF3929E9A52E0006C930 /* NoIssueView.swift */ = {isa = PBXFileReference; lastKnownFileType = sourcecode.swift; path = NoIssueView.swift; sourceTree = "<group>"; };
		D8DB686E2A7C1122006B530D /* TagTests.swift */ = {isa = PBXFileReference; lastKnownFileType = sourcecode.swift; path = TagTests.swift; sourceTree = "<group>"; };
		D8DB68702A7C18C7006B530D /* AwardsTest.swift */ = {isa = PBXFileReference; lastKnownFileType = sourcecode.swift; path = AwardsTest.swift; sourceTree = "<group>"; };
		D8DB68722A7C2E97006B530D /* DevelopmentTests.swift */ = {isa = PBXFileReference; lastKnownFileType = sourcecode.swift; path = DevelopmentTests.swift; sourceTree = "<group>"; };
		D8DB68742A7C3240006B530D /* ExtensionTests.swift */ = {isa = PBXFileReference; lastKnownFileType = sourcecode.swift; path = ExtensionTests.swift; sourceTree = "<group>"; };
		D8E506D22A7C4FC0004784E5 /* DecodableDictionary.json */ = {isa = PBXFileReference; lastKnownFileType = text.json; path = DecodableDictionary.json; sourceTree = "<group>"; };
		D8E506D42A7C4FF2004784E5 /* DecodableString.json */ = {isa = PBXFileReference; lastKnownFileType = text.json; path = DecodableString.json; sourceTree = "<group>"; };
		D8E506D62A7C5533004784E5 /* PerformanceTests.swift */ = {isa = PBXFileReference; lastKnownFileType = sourcecode.swift; path = PerformanceTests.swift; sourceTree = "<group>"; };
/* End PBXFileReference section */

/* Begin PBXFrameworksBuildPhase section */
		D89DEABB29E603340040339D /* Frameworks */ = {
			isa = PBXFrameworksBuildPhase;
			buildActionMask = 2147483647;
			files = (
			);
			runOnlyForDeploymentPostprocessing = 0;
		};
		D8C256402A3143B0006AE93F /* Frameworks */ = {
			isa = PBXFrameworksBuildPhase;
			buildActionMask = 2147483647;
			files = (
			);
			runOnlyForDeploymentPostprocessing = 0;
		};
/* End PBXFrameworksBuildPhase section */

/* Begin PBXGroup section */
		D89DEAB529E603340040339D = {
			isa = PBXGroup;
			children = (
				D89DEAC029E603340040339D /* UltimatePortfolio */,
				D8C256442A3143B0006AE93F /* UltimatePortfolioTests */,
				D89DEABF29E603340040339D /* Products */,
			);
			sourceTree = "<group>";
		};
		D89DEABF29E603340040339D /* Products */ = {
			isa = PBXGroup;
			children = (
				D89DEABE29E603340040339D /* UltimatePortfolio.app */,
				D8C256432A3143B0006AE93F /* UltimatePortfolioTests.xctest */,
			);
			name = Products;
			sourceTree = "<group>";
		};
		D89DEAC029E603340040339D /* UltimatePortfolio */ = {
			isa = PBXGroup;
			children = (
				D8C2563B2A3140F8006AE93F /* Filters */,
				D8C2563C2A314100006AE93F /* Issues */,
				D8C2563D2A314106006AE93F /* Editing */,
				D8C2563E2A31411C006AE93F /* Awards */,
				D8C256382A313E96006AE93F /* Extensions */,
				D8C256392A313EA6006AE93F /* Localization */,
				D8C2563A2A313EB2006AE93F /* Configuration */,
				D89DEAC129E603340040339D /* UltimatePortfolioApp.swift */,
				D89DEAD329E702600040339D /* DataController.swift */,
				D8B5242629EA322C007E0C41 /* Colors.xcassets */,
				D89DEAC529E603350040339D /* Assets.xcassets */,
				D89DEAC829E603350040339D /* Preview Content */,
			);
			path = UltimatePortfolio;
			sourceTree = "<group>";
		};
		D89DEAC829E603350040339D /* Preview Content */ = {
			isa = PBXGroup;
			children = (
				D89DEAC929E603350040339D /* Preview Assets.xcassets */,
			);
			path = "Preview Content";
			sourceTree = "<group>";
		};
		D8C256382A313E96006AE93F /* Extensions */ = {
			isa = PBXGroup;
			children = (
				D8B5242329EA2DBA007E0C41 /* Bundle-Decodable.swift */,
				D86A12F829E8C68C00AE35A7 /* Issue-CoreDataHelpers.swift */,
				D86A12FA29E8C7E400AE35A7 /* Tag-CoreDataHelpers.swift */,
			);
			path = Extensions;
			sourceTree = "<group>";
		};
		D8C256392A313EA6006AE93F /* Localization */ = {
			isa = PBXGroup;
			children = (
				D8ACEFD32A002E15004658B9 /* Localizable.strings */,
				D8ACEFD72A002F1A004658B9 /* Localizable.stringsdict */,
			);
			path = Localization;
			sourceTree = "<group>";
		};
		D8C2563A2A313EB2006AE93F /* Configuration */ = {
			isa = PBXGroup;
			children = (
				D89DEAC729E603350040339D /* UltimatePortfolio.entitlements */,
				D89DEAD529E712790040339D /* Info.plist */,
				D89DEAD029E7000B0040339D /* Main.xcdatamodeld */,
			);
			path = Configuration;
			sourceTree = "<group>";
		};
		D8C2563B2A3140F8006AE93F /* Filters */ = {
			isa = PBXGroup;
			children = (
				D89DEADA29E760C90040339D /* Filter.swift */,
				D89DEAD629E7590C0040339D /* SidebarView.swift */,
				D8802F072A1BB4FF005AE9DA /* SidebarViewToolbar.swift */,
				D8802F0F2A1BC2D7005AE9DA /* SmartFilterRow.swift */,
				D8802F112A1BC339005AE9DA /* UserFilterRow.swift */,
			);
			path = Filters;
			sourceTree = "<group>";
		};
		D8C2563C2A314100006AE93F /* Issues */ = {
			isa = PBXGroup;
			children = (
				D89DEAC329E603340040339D /* ContentView.swift */,
				D8802F0B2A1BBB7E005AE9DA /* ContentViewToolbar.swift */,
				D8CBCF3529E998560006C930 /* IssueRow.swift */,
			);
			path = Issues;
			sourceTree = "<group>";
		};
		D8C2563D2A314106006AE93F /* Editing */ = {
			isa = PBXGroup;
			children = (
				D89DEAD829E759150040339D /* DetailView.swift */,
				D8CBCF3729E9A5230006C930 /* IssueView.swift */,
				D8802F092A1BBAC1005AE9DA /* IssueViewToolbar.swift */,
				D8CBCF3929E9A52E0006C930 /* NoIssueView.swift */,
				D8802F0D2A1BC0E4005AE9DA /* TagsMenuView.swift */,
			);
			path = Editing;
			sourceTree = "<group>";
		};
		D8C2563E2A31411C006AE93F /* Awards */ = {
			isa = PBXGroup;
			children = (
				D8B5242929EA32CD007E0C41 /* Award.swift */,
				D8B5242B29EA33E5007E0C41 /* AwardsView.swift */,
				D8ACEFDB2A002FF7004658B9 /* Awards.json */,
			);
			path = Awards;
			sourceTree = "<group>";
		};
		D8C256442A3143B0006AE93F /* UltimatePortfolioTests */ = {
			isa = PBXGroup;
			children = (
				D8E506CF2A7C4F6C004784E5 /* Fixtures */,
				D8C2564C2A3144B7006AE93F /* UltimatePortfolio.xctestplan */,
				D8C256452A3143B0006AE93F /* UltimatePortfolioTests.swift */,
				D8C2564D2A314616006AE93F /* AssetTests.swift */,
				D8DB68742A7C3240006B530D /* ExtensionTests.swift */,
				D8E506D62A7C5533004784E5 /* PerformanceTests.swift */,
				D8DB68702A7C18C7006B530D /* AwardsTest.swift */,
				D8DB68722A7C2E97006B530D /* DevelopmentTests.swift */,
				D8DB686E2A7C1122006B530D /* TagTests.swift */,
			);
			path = UltimatePortfolioTests;
			sourceTree = "<group>";
		};
		D8E506CF2A7C4F6C004784E5 /* Fixtures */ = {
			isa = PBXGroup;
			children = (
				D8E506D22A7C4FC0004784E5 /* DecodableDictionary.json */,
				D8E506D42A7C4FF2004784E5 /* DecodableString.json */,
			);
			path = Fixtures;
			sourceTree = "<group>";
		};
/* End PBXGroup section */

/* Begin PBXNativeTarget section */
		D89DEABD29E603340040339D /* UltimatePortfolio */ = {
			isa = PBXNativeTarget;
			buildConfigurationList = D89DEACD29E603350040339D /* Build configuration list for PBXNativeTarget "UltimatePortfolio" */;
			buildPhases = (
				D89DEABA29E603340040339D /* Sources */,
				D89DEABB29E603340040339D /* Frameworks */,
				D89DEABC29E603340040339D /* Resources */,
				D887AF712A1C3B3700D6505A /* SwiftLint */,
			);
			buildRules = (
			);
			dependencies = (
			);
			name = UltimatePortfolio;
			productName = UltimatePortfolio;
			productReference = D89DEABE29E603340040339D /* UltimatePortfolio.app */;
			productType = "com.apple.product-type.application";
		};
		D8C256422A3143B0006AE93F /* UltimatePortfolioTests */ = {
			isa = PBXNativeTarget;
			buildConfigurationList = D8C256492A3143B0006AE93F /* Build configuration list for PBXNativeTarget "UltimatePortfolioTests" */;
			buildPhases = (
				D8C2563F2A3143B0006AE93F /* Sources */,
				D8C256402A3143B0006AE93F /* Frameworks */,
				D8C256412A3143B0006AE93F /* Resources */,
			);
			buildRules = (
			);
			dependencies = (
				D8C256482A3143B0006AE93F /* PBXTargetDependency */,
			);
			name = UltimatePortfolioTests;
			productName = UltimatePortfolioTests;
			productReference = D8C256432A3143B0006AE93F /* UltimatePortfolioTests.xctest */;
			productType = "com.apple.product-type.bundle.unit-test";
		};
/* End PBXNativeTarget section */

/* Begin PBXProject section */
		D89DEAB629E603340040339D /* Project object */ = {
			isa = PBXProject;
			attributes = {
				BuildIndependentTargetsInParallel = 1;
				LastSwiftUpdateCheck = 1430;
				LastUpgradeCheck = 1500;
				TargetAttributes = {
					D89DEABD29E603340040339D = {
						CreatedOnToolsVersion = 14.3;
					};
					D8C256422A3143B0006AE93F = {
						CreatedOnToolsVersion = 14.3.1;
						TestTargetID = D89DEABD29E603340040339D;
					};
				};
			};
			buildConfigurationList = D89DEAB929E603340040339D /* Build configuration list for PBXProject "UltimatePortfolio" */;
			compatibilityVersion = "Xcode 14.0";
			developmentRegion = en;
			hasScannedForEncodings = 0;
			knownRegions = (
				en,
				Base,
				hu,
			);
			mainGroup = D89DEAB529E603340040339D;
			productRefGroup = D89DEABF29E603340040339D /* Products */;
			projectDirPath = "";
			projectRoot = "";
			targets = (
				D89DEABD29E603340040339D /* UltimatePortfolio */,
				D8C256422A3143B0006AE93F /* UltimatePortfolioTests */,
			);
		};
/* End PBXProject section */

/* Begin PBXResourcesBuildPhase section */
		D89DEABC29E603340040339D /* Resources */ = {
			isa = PBXResourcesBuildPhase;
			buildActionMask = 2147483647;
			files = (
				D8ACEFD12A002E15004658B9 /* Localizable.strings in Resources */,
				D89DEACA29E603350040339D /* Preview Assets.xcassets in Resources */,
				D8B5242829EA322C007E0C41 /* Colors.xcassets in Resources */,
				D8ACEFD92A002FF7004658B9 /* Awards.json in Resources */,
				D89DEAC629E603350040339D /* Assets.xcassets in Resources */,
				D8ACEFD52A002F1A004658B9 /* Localizable.stringsdict in Resources */,
			);
			runOnlyForDeploymentPostprocessing = 0;
		};
		D8C256412A3143B0006AE93F /* Resources */ = {
			isa = PBXResourcesBuildPhase;
			buildActionMask = 2147483647;
			files = (
				D8E506D52A7C4FF2004784E5 /* DecodableString.json in Resources */,
				D8E506D32A7C4FC0004784E5 /* DecodableDictionary.json in Resources */,
			);
			runOnlyForDeploymentPostprocessing = 0;
		};
/* End PBXResourcesBuildPhase section */

/* Begin PBXShellScriptBuildPhase section */
		D887AF712A1C3B3700D6505A /* SwiftLint */ = {
			isa = PBXShellScriptBuildPhase;
			alwaysOutOfDate = 1;
			buildActionMask = 2147483647;
			files = (
			);
			inputFileListPaths = (
			);
			inputPaths = (
			);
			name = SwiftLint;
			outputFileListPaths = (
			);
			outputPaths = (
			);
			runOnlyForDeploymentPostprocessing = 0;
			shellPath = /bin/sh;
			shellScript = "# Type a script or drag a script file from your workspace to insert its path.\nif [[ \"$(uname -m)\" == arm64 ]]; then\n    export PATH=\"/opt/homebrew/bin:$PATH\"\nfi\n\nif which swiftlint > /dev/null; then\n  swiftlint\nelse\n  echo \"warning: SwiftLint not installed, download from https://github.com/realm/SwiftLint\"\nfi\n";
		};
/* End PBXShellScriptBuildPhase section */

/* Begin PBXSourcesBuildPhase section */
		D89DEABA29E603340040339D /* Sources */ = {
			isa = PBXSourcesBuildPhase;
			buildActionMask = 2147483647;
			files = (
				D86A12FB29E8C7E400AE35A7 /* Tag-CoreDataHelpers.swift in Sources */,
				D8802F0E2A1BC0E4005AE9DA /* TagsMenuView.swift in Sources */,
				D8B5242A29EA32CD007E0C41 /* Award.swift in Sources */,
				D8B5242C29EA33E5007E0C41 /* AwardsView.swift in Sources */,
				D8802F102A1BC2D7005AE9DA /* SmartFilterRow.swift in Sources */,
				D89DEADB29E760C90040339D /* Filter.swift in Sources */,
				D89DEAD229E7000C0040339D /* Main.xcdatamodeld in Sources */,
				D86A12F929E8C68C00AE35A7 /* Issue-CoreDataHelpers.swift in Sources */,
				D8B5242429EA2DBA007E0C41 /* Bundle-Decodable.swift in Sources */,
				D89DEAD929E759150040339D /* DetailView.swift in Sources */,
				D89DEAD429E702600040339D /* DataController.swift in Sources */,
				D89DEAD729E7590C0040339D /* SidebarView.swift in Sources */,
				D8802F0C2A1BBB7E005AE9DA /* ContentViewToolbar.swift in Sources */,
				D89DEAC429E603340040339D /* ContentView.swift in Sources */,
				D8802F082A1BB4FF005AE9DA /* SidebarViewToolbar.swift in Sources */,
				D8CBCF3829E9A5230006C930 /* IssueView.swift in Sources */,
				D8CBCF3A29E9A52E0006C930 /* NoIssueView.swift in Sources */,
				D8802F122A1BC339005AE9DA /* UserFilterRow.swift in Sources */,
				D8CBCF3629E998560006C930 /* IssueRow.swift in Sources */,
				D8802F0A2A1BBAC1005AE9DA /* IssueViewToolbar.swift in Sources */,
				D89DEAC229E603340040339D /* UltimatePortfolioApp.swift in Sources */,
			);
			runOnlyForDeploymentPostprocessing = 0;
		};
		D8C2563F2A3143B0006AE93F /* Sources */ = {
			isa = PBXSourcesBuildPhase;
			buildActionMask = 2147483647;
			files = (
				D8E506D72A7C5533004784E5 /* PerformanceTests.swift in Sources */,
				D8C2564E2A314616006AE93F /* AssetTests.swift in Sources */,
				D8DB68712A7C18C7006B530D /* AwardsTest.swift in Sources */,
				D8DB686F2A7C1122006B530D /* TagTests.swift in Sources */,
				D8DB68752A7C3240006B530D /* ExtensionTests.swift in Sources */,
				D8C256462A3143B0006AE93F /* UltimatePortfolioTests.swift in Sources */,
				D8DB68732A7C2E97006B530D /* DevelopmentTests.swift in Sources */,
			);
			runOnlyForDeploymentPostprocessing = 0;
		};
/* End PBXSourcesBuildPhase section */

/* Begin PBXTargetDependency section */
		D8C256482A3143B0006AE93F /* PBXTargetDependency */ = {
			isa = PBXTargetDependency;
			target = D89DEABD29E603340040339D /* UltimatePortfolio */;
			targetProxy = D8C256472A3143B0006AE93F /* PBXContainerItemProxy */;
		};
/* End PBXTargetDependency section */

/* Begin PBXVariantGroup section */
		D8ACEFD32A002E15004658B9 /* Localizable.strings */ = {
			isa = PBXVariantGroup;
			children = (
				D8ACEFD22A002E15004658B9 /* en */,
				D8ACEFD42A002E28004658B9 /* hu */,
			);
			name = Localizable.strings;
			sourceTree = "<group>";
		};
		D8ACEFD72A002F1A004658B9 /* Localizable.stringsdict */ = {
			isa = PBXVariantGroup;
			children = (
				D8ACEFD62A002F1A004658B9 /* en */,
				D8ACEFD82A002F24004658B9 /* hu */,
			);
			name = Localizable.stringsdict;
			sourceTree = "<group>";
		};
		D8ACEFDB2A002FF7004658B9 /* Awards.json */ = {
			isa = PBXVariantGroup;
			children = (
				D8ACEFDA2A002FF7004658B9 /* en */,
				D8ACEFDC2A002FFB004658B9 /* hu */,
			);
			name = Awards.json;
			sourceTree = "<group>";
		};
/* End PBXVariantGroup section */

/* Begin XCBuildConfiguration section */
		D89DEACB29E603350040339D /* Debug */ = {
			isa = XCBuildConfiguration;
			buildSettings = {
				ALWAYS_SEARCH_USER_PATHS = NO;
				CLANG_ANALYZER_LOCALIZABILITY_NONLOCALIZED = YES;
				CLANG_ANALYZER_NONNULL = YES;
				CLANG_ANALYZER_NUMBER_OBJECT_CONVERSION = YES_AGGRESSIVE;
				CLANG_CXX_LANGUAGE_STANDARD = "gnu++20";
				CLANG_ENABLE_MODULES = YES;
				CLANG_ENABLE_OBJC_ARC = YES;
				CLANG_ENABLE_OBJC_WEAK = YES;
				CLANG_WARN_BLOCK_CAPTURE_AUTORELEASING = YES;
				CLANG_WARN_BOOL_CONVERSION = YES;
				CLANG_WARN_COMMA = YES;
				CLANG_WARN_CONSTANT_CONVERSION = YES;
				CLANG_WARN_DEPRECATED_OBJC_IMPLEMENTATIONS = YES;
				CLANG_WARN_DIRECT_OBJC_ISA_USAGE = YES_ERROR;
				CLANG_WARN_DOCUMENTATION_COMMENTS = YES;
				CLANG_WARN_EMPTY_BODY = YES;
				CLANG_WARN_ENUM_CONVERSION = YES;
				CLANG_WARN_INFINITE_RECURSION = YES;
				CLANG_WARN_INT_CONVERSION = YES;
				CLANG_WARN_NON_LITERAL_NULL_CONVERSION = YES;
				CLANG_WARN_OBJC_IMPLICIT_RETAIN_SELF = YES;
				CLANG_WARN_OBJC_LITERAL_CONVERSION = YES;
				CLANG_WARN_OBJC_ROOT_CLASS = YES_ERROR;
				CLANG_WARN_QUOTED_INCLUDE_IN_FRAMEWORK_HEADER = YES;
				CLANG_WARN_RANGE_LOOP_ANALYSIS = YES;
				CLANG_WARN_STRICT_PROTOTYPES = YES;
				CLANG_WARN_SUSPICIOUS_MOVE = YES;
				CLANG_WARN_UNGUARDED_AVAILABILITY = YES_AGGRESSIVE;
				CLANG_WARN_UNREACHABLE_CODE = YES;
				CLANG_WARN__DUPLICATE_METHOD_MATCH = YES;
				COPY_PHASE_STRIP = NO;
				DEAD_CODE_STRIPPING = YES;
				DEBUG_INFORMATION_FORMAT = dwarf;
				ENABLE_STRICT_OBJC_MSGSEND = YES;
				ENABLE_TESTABILITY = YES;
				GCC_C_LANGUAGE_STANDARD = gnu11;
				GCC_DYNAMIC_NO_PIC = NO;
				GCC_NO_COMMON_BLOCKS = YES;
				GCC_OPTIMIZATION_LEVEL = 0;
				GCC_PREPROCESSOR_DEFINITIONS = (
					"DEBUG=1",
					"$(inherited)",
				);
				GCC_WARN_64_TO_32_BIT_CONVERSION = YES;
				GCC_WARN_ABOUT_RETURN_TYPE = YES_ERROR;
				GCC_WARN_UNDECLARED_SELECTOR = YES;
				GCC_WARN_UNINITIALIZED_AUTOS = YES_AGGRESSIVE;
				GCC_WARN_UNUSED_FUNCTION = YES;
				GCC_WARN_UNUSED_VARIABLE = YES;
				MTL_ENABLE_DEBUG_INFO = INCLUDE_SOURCE;
				MTL_FAST_MATH = YES;
				ONLY_ACTIVE_ARCH = YES;
				SWIFT_ACTIVE_COMPILATION_CONDITIONS = DEBUG;
				SWIFT_OPTIMIZATION_LEVEL = "-Onone";
			};
			name = Debug;
		};
		D89DEACC29E603350040339D /* Release */ = {
			isa = XCBuildConfiguration;
			buildSettings = {
				ALWAYS_SEARCH_USER_PATHS = NO;
				CLANG_ANALYZER_LOCALIZABILITY_NONLOCALIZED = YES;
				CLANG_ANALYZER_NONNULL = YES;
				CLANG_ANALYZER_NUMBER_OBJECT_CONVERSION = YES_AGGRESSIVE;
				CLANG_CXX_LANGUAGE_STANDARD = "gnu++20";
				CLANG_ENABLE_MODULES = YES;
				CLANG_ENABLE_OBJC_ARC = YES;
				CLANG_ENABLE_OBJC_WEAK = YES;
				CLANG_WARN_BLOCK_CAPTURE_AUTORELEASING = YES;
				CLANG_WARN_BOOL_CONVERSION = YES;
				CLANG_WARN_COMMA = YES;
				CLANG_WARN_CONSTANT_CONVERSION = YES;
				CLANG_WARN_DEPRECATED_OBJC_IMPLEMENTATIONS = YES;
				CLANG_WARN_DIRECT_OBJC_ISA_USAGE = YES_ERROR;
				CLANG_WARN_DOCUMENTATION_COMMENTS = YES;
				CLANG_WARN_EMPTY_BODY = YES;
				CLANG_WARN_ENUM_CONVERSION = YES;
				CLANG_WARN_INFINITE_RECURSION = YES;
				CLANG_WARN_INT_CONVERSION = YES;
				CLANG_WARN_NON_LITERAL_NULL_CONVERSION = YES;
				CLANG_WARN_OBJC_IMPLICIT_RETAIN_SELF = YES;
				CLANG_WARN_OBJC_LITERAL_CONVERSION = YES;
				CLANG_WARN_OBJC_ROOT_CLASS = YES_ERROR;
				CLANG_WARN_QUOTED_INCLUDE_IN_FRAMEWORK_HEADER = YES;
				CLANG_WARN_RANGE_LOOP_ANALYSIS = YES;
				CLANG_WARN_STRICT_PROTOTYPES = YES;
				CLANG_WARN_SUSPICIOUS_MOVE = YES;
				CLANG_WARN_UNGUARDED_AVAILABILITY = YES_AGGRESSIVE;
				CLANG_WARN_UNREACHABLE_CODE = YES;
				CLANG_WARN__DUPLICATE_METHOD_MATCH = YES;
				COPY_PHASE_STRIP = NO;
				DEAD_CODE_STRIPPING = YES;
				DEBUG_INFORMATION_FORMAT = "dwarf-with-dsym";
				ENABLE_NS_ASSERTIONS = NO;
				ENABLE_STRICT_OBJC_MSGSEND = YES;
				GCC_C_LANGUAGE_STANDARD = gnu11;
				GCC_NO_COMMON_BLOCKS = YES;
				GCC_WARN_64_TO_32_BIT_CONVERSION = YES;
				GCC_WARN_ABOUT_RETURN_TYPE = YES_ERROR;
				GCC_WARN_UNDECLARED_SELECTOR = YES;
				GCC_WARN_UNINITIALIZED_AUTOS = YES_AGGRESSIVE;
				GCC_WARN_UNUSED_FUNCTION = YES;
				GCC_WARN_UNUSED_VARIABLE = YES;
				MTL_ENABLE_DEBUG_INFO = NO;
				MTL_FAST_MATH = YES;
				SWIFT_COMPILATION_MODE = wholemodule;
				SWIFT_OPTIMIZATION_LEVEL = "-O";
			};
			name = Release;
		};
		D89DEACE29E603350040339D /* Debug */ = {
			isa = XCBuildConfiguration;
			buildSettings = {
				ASSETCATALOG_COMPILER_APPICON_NAME = AppIcon;
				ASSETCATALOG_COMPILER_GLOBAL_ACCENT_COLOR_NAME = AccentColor;
				CODE_SIGN_ENTITLEMENTS = UltimatePortfolio/Configuration/UltimatePortfolio.entitlements;
				CODE_SIGN_STYLE = Automatic;
				CURRENT_PROJECT_VERSION = 1;
				DEAD_CODE_STRIPPING = YES;
				DEVELOPMENT_ASSET_PATHS = "\"UltimatePortfolio/Preview Content\"";
				DEVELOPMENT_TEAM = ZH5BW37FK7;
				ENABLE_HARDENED_RUNTIME = YES;
				ENABLE_PREVIEWS = YES;
				GENERATE_INFOPLIST_FILE = YES;
				INFOPLIST_FILE = UltimatePortfolio/Configuration/Info.plist;
				"INFOPLIST_KEY_UIApplicationSceneManifest_Generation[sdk=iphoneos*]" = YES;
				"INFOPLIST_KEY_UIApplicationSceneManifest_Generation[sdk=iphonesimulator*]" = YES;
				"INFOPLIST_KEY_UIApplicationSupportsIndirectInputEvents[sdk=iphoneos*]" = YES;
				"INFOPLIST_KEY_UIApplicationSupportsIndirectInputEvents[sdk=iphonesimulator*]" = YES;
				"INFOPLIST_KEY_UILaunchScreen_Generation[sdk=iphoneos*]" = YES;
				"INFOPLIST_KEY_UILaunchScreen_Generation[sdk=iphonesimulator*]" = YES;
				INFOPLIST_KEY_UIRequiresFullScreen = NO;
				"INFOPLIST_KEY_UIStatusBarStyle[sdk=iphoneos*]" = UIStatusBarStyleDefault;
				"INFOPLIST_KEY_UIStatusBarStyle[sdk=iphonesimulator*]" = UIStatusBarStyleDefault;
				INFOPLIST_KEY_UISupportedInterfaceOrientations = "UIInterfaceOrientationLandscapeLeft UIInterfaceOrientationLandscapeRight UIInterfaceOrientationPortrait";
				INFOPLIST_KEY_UISupportedInterfaceOrientations_iPad = "UIInterfaceOrientationLandscapeLeft UIInterfaceOrientationLandscapeRight UIInterfaceOrientationPortrait UIInterfaceOrientationPortraitUpsideDown";
				IPHONEOS_DEPLOYMENT_TARGET = 16.2;
				LD_RUNPATH_SEARCH_PATHS = "@executable_path/Frameworks";
				"LD_RUNPATH_SEARCH_PATHS[sdk=macosx*]" = "@executable_path/../Frameworks";
				MACOSX_DEPLOYMENT_TARGET = 13.1;
				MARKETING_VERSION = 1.0;
				PRODUCT_BUNDLE_IDENTIFIER = com.enbright.UltimatePortfolio;
				PRODUCT_NAME = "$(TARGET_NAME)";
				SDKROOT = auto;
				SUPPORTED_PLATFORMS = "iphoneos iphonesimulator macosx";
				SWIFT_EMIT_LOC_STRINGS = YES;
				SWIFT_VERSION = 5.0;
				TARGETED_DEVICE_FAMILY = "1,2";
			};
			name = Debug;
		};
		D89DEACF29E603350040339D /* Release */ = {
			isa = XCBuildConfiguration;
			buildSettings = {
				ASSETCATALOG_COMPILER_APPICON_NAME = AppIcon;
				ASSETCATALOG_COMPILER_GLOBAL_ACCENT_COLOR_NAME = AccentColor;
				CODE_SIGN_ENTITLEMENTS = UltimatePortfolio/Configuration/UltimatePortfolio.entitlements;
				CODE_SIGN_STYLE = Automatic;
				CURRENT_PROJECT_VERSION = 1;
				DEAD_CODE_STRIPPING = YES;
				DEVELOPMENT_ASSET_PATHS = "\"UltimatePortfolio/Preview Content\"";
				DEVELOPMENT_TEAM = ZH5BW37FK7;
				ENABLE_HARDENED_RUNTIME = YES;
				ENABLE_PREVIEWS = YES;
				GENERATE_INFOPLIST_FILE = YES;
				INFOPLIST_FILE = UltimatePortfolio/Configuration/Info.plist;
				"INFOPLIST_KEY_UIApplicationSceneManifest_Generation[sdk=iphoneos*]" = YES;
				"INFOPLIST_KEY_UIApplicationSceneManifest_Generation[sdk=iphonesimulator*]" = YES;
				"INFOPLIST_KEY_UIApplicationSupportsIndirectInputEvents[sdk=iphoneos*]" = YES;
				"INFOPLIST_KEY_UIApplicationSupportsIndirectInputEvents[sdk=iphonesimulator*]" = YES;
				"INFOPLIST_KEY_UILaunchScreen_Generation[sdk=iphoneos*]" = YES;
				"INFOPLIST_KEY_UILaunchScreen_Generation[sdk=iphonesimulator*]" = YES;
				INFOPLIST_KEY_UIRequiresFullScreen = NO;
				"INFOPLIST_KEY_UIStatusBarStyle[sdk=iphoneos*]" = UIStatusBarStyleDefault;
				"INFOPLIST_KEY_UIStatusBarStyle[sdk=iphonesimulator*]" = UIStatusBarStyleDefault;
				INFOPLIST_KEY_UISupportedInterfaceOrientations = "UIInterfaceOrientationLandscapeLeft UIInterfaceOrientationLandscapeRight UIInterfaceOrientationPortrait";
				INFOPLIST_KEY_UISupportedInterfaceOrientations_iPad = "UIInterfaceOrientationLandscapeLeft UIInterfaceOrientationLandscapeRight UIInterfaceOrientationPortrait UIInterfaceOrientationPortraitUpsideDown";
				IPHONEOS_DEPLOYMENT_TARGET = 16.2;
				LD_RUNPATH_SEARCH_PATHS = "@executable_path/Frameworks";
				"LD_RUNPATH_SEARCH_PATHS[sdk=macosx*]" = "@executable_path/../Frameworks";
				MACOSX_DEPLOYMENT_TARGET = 13.1;
				MARKETING_VERSION = 1.0;
				PRODUCT_BUNDLE_IDENTIFIER = com.enbright.UltimatePortfolio;
				PRODUCT_NAME = "$(TARGET_NAME)";
				SDKROOT = auto;
				SUPPORTED_PLATFORMS = "iphoneos iphonesimulator macosx";
				SWIFT_EMIT_LOC_STRINGS = YES;
				SWIFT_VERSION = 5.0;
				TARGETED_DEVICE_FAMILY = "1,2";
			};
			name = Release;
		};
		D8C2564A2A3143B0006AE93F /* Debug */ = {
			isa = XCBuildConfiguration;
			buildSettings = {
				BUNDLE_LOADER = "$(TEST_HOST)";
				CODE_SIGN_STYLE = Automatic;
				CURRENT_PROJECT_VERSION = 1;
				DEVELOPMENT_TEAM = KH4ARC9CCG;
				GENERATE_INFOPLIST_FILE = YES;
				IPHONEOS_DEPLOYMENT_TARGET = 16.4;
				MARKETING_VERSION = 1.0;
				PRODUCT_BUNDLE_IDENTIFIER = com.uhlablert.training.UltimatePortfolioTests;
				PRODUCT_NAME = "$(TARGET_NAME)";
				SDKROOT = iphoneos;
				SWIFT_EMIT_LOC_STRINGS = NO;
				SWIFT_VERSION = 5.0;
				TARGETED_DEVICE_FAMILY = "1,2";
				TEST_HOST = "$(BUILT_PRODUCTS_DIR)/UltimatePortfolio.app/$(BUNDLE_EXECUTABLE_FOLDER_PATH)/UltimatePortfolio";
			};
			name = Debug;
		};
		D8C2564B2A3143B0006AE93F /* Release */ = {
			isa = XCBuildConfiguration;
			buildSettings = {
				BUNDLE_LOADER = "$(TEST_HOST)";
				CODE_SIGN_STYLE = Automatic;
				CURRENT_PROJECT_VERSION = 1;
				DEVELOPMENT_TEAM = KH4ARC9CCG;
				GENERATE_INFOPLIST_FILE = YES;
				IPHONEOS_DEPLOYMENT_TARGET = 16.4;
				MARKETING_VERSION = 1.0;
				PRODUCT_BUNDLE_IDENTIFIER = com.uhlablert.training.UltimatePortfolioTests;
				PRODUCT_NAME = "$(TARGET_NAME)";
				SDKROOT = iphoneos;
				SWIFT_EMIT_LOC_STRINGS = NO;
				SWIFT_VERSION = 5.0;
				TARGETED_DEVICE_FAMILY = "1,2";
				TEST_HOST = "$(BUILT_PRODUCTS_DIR)/UltimatePortfolio.app/$(BUNDLE_EXECUTABLE_FOLDER_PATH)/UltimatePortfolio";
				VALIDATE_PRODUCT = YES;
			};
			name = Release;
		};
/* End XCBuildConfiguration section */

/* Begin XCConfigurationList section */
		D89DEAB929E603340040339D /* Build configuration list for PBXProject "UltimatePortfolio" */ = {
			isa = XCConfigurationList;
			buildConfigurations = (
				D89DEACB29E603350040339D /* Debug */,
				D89DEACC29E603350040339D /* Release */,
			);
			defaultConfigurationIsVisible = 0;
			defaultConfigurationName = Release;
		};
		D89DEACD29E603350040339D /* Build configuration list for PBXNativeTarget "UltimatePortfolio" */ = {
			isa = XCConfigurationList;
			buildConfigurations = (
				D89DEACE29E603350040339D /* Debug */,
				D89DEACF29E603350040339D /* Release */,
			);
			defaultConfigurationIsVisible = 0;
			defaultConfigurationName = Release;
		};
		D8C256492A3143B0006AE93F /* Build configuration list for PBXNativeTarget "UltimatePortfolioTests" */ = {
			isa = XCConfigurationList;
			buildConfigurations = (
				D8C2564A2A3143B0006AE93F /* Debug */,
				D8C2564B2A3143B0006AE93F /* Release */,
			);
			defaultConfigurationIsVisible = 0;
			defaultConfigurationName = Release;
		};
/* End XCConfigurationList section */

/* Begin XCVersionGroup section */
		D89DEAD029E7000B0040339D /* Main.xcdatamodeld */ = {
			isa = XCVersionGroup;
			children = (
				D89DEAD129E7000B0040339D /* Main.xcdatamodel */,
			);
			currentVersion = D89DEAD129E7000B0040339D /* Main.xcdatamodel */;
			path = Main.xcdatamodeld;
			sourceTree = "<group>";
			versionGroupType = wrapper.xcdatamodel;
		};
/* End XCVersionGroup section */
	};
	rootObject = D89DEAB629E603340040339D /* Project object */;
}
